
Microsoft Visual Studio Solution File, Format Version 12.00
# Visual Studio 15
VisualStudioVersion = 15.0.28307.705
MinimumVisualStudioVersion = 10.0.40219.1
Project("{2150E333-8FDC-42A3-9474-1A3956D46DE8}") = "Solution Items", "Solution Items", "{E8181F49-D828-447A-A400-D417FF611416}"
	ProjectSection(SolutionItems) = preProject
		MPCD1.CPP = MPCD1.CPP
	EndProjectSection
EndProject
Global
	GlobalSection(SolutionProperties) = preSolution
		HideSolutionNode = FALSE
	EndGlobalSection
	GlobalSection(ExtensibilityGlobals) = postSolution
		SolutionGuid = {517734D9-5C4A-4540-B9CD-E5B4E5CA98C3}
	EndGlobalSection
EndGlobal
